
Microsoft Visual Studio Solution File, Format Version 12.00
# Visual Studio Version 16
VisualStudioVersion = 16.0.30104.148
MinimumVisualStudioVersion = 10.0.40219.1
Project("{9A19103F-16F7-4668-BE54-9A1E7A4F7556}") = "Framework", "Framework\Framework.csproj", "{39493215-A9E9-4F01-8FC7-9C4373D73483}"
EndProject
Project("{9A19103F-16F7-4668-BE54-9A1E7A4F7556}") = "Framework.Console", "Framework.Console\Framework.Console.csproj", "{833024B7-2030-4330-B871-4326B38AAA54}"
EndProject
Project("{9A19103F-16F7-4668-BE54-9A1E7A4F7556}") = "Lucence.Logger.Web", "Lucence.Logger.Web\Lucence.Logger.Web.csproj", "{B42FE8DD-70F5-44C0-87E8-8F204CEDADE0}"
EndProject
Project("{9A19103F-16F7-4668-BE54-9A1E7A4F7556}") = "Lodis", "Lodis\Lodis.csproj", "{47738CD8-BCBB-402F-93CB-090FF96739F7}"
EndProject
Project("{FAE04EC0-301F-11D3-BF4B-00C04F79EFBC}") = "NETFramework", "NETFramework\NETFramework.csproj", "{F93E96B7-7920-4C41-A83A-E322A23DDDEA}"
EndProject
Global
	GlobalSection(SolutionConfigurationPlatforms) = preSolution
		Debug|Any CPU = Debug|Any CPU
		Release|Any CPU = Release|Any CPU
	EndGlobalSection
	GlobalSection(ProjectConfigurationPlatforms) = postSolution
		{39493215-A9E9-4F01-8FC7-9C4373D73483}.Debug|Any CPU.ActiveCfg = Debug|Any CPU
		{39493215-A9E9-4F01-8FC7-9C4373D73483}.Debug|Any CPU.Build.0 = Debug|Any CPU
		{39493215-A9E9-4F01-8FC7-9C4373D73483}.Release|Any CPU.ActiveCfg = Release|Any CPU
		{39493215-A9E9-4F01-8FC7-9C4373D73483}.Release|Any CPU.Build.0 = Release|Any CPU
		{833024B7-2030-4330-B871-4326B38AAA54}.Debug|Any CPU.ActiveCfg = Debug|Any CPU
		{833024B7-2030-4330-B871-4326B38AAA54}.Debug|Any CPU.Build.0 = Debug|Any CPU
		{833024B7-2030-4330-B871-4326B38AAA54}.Release|Any CPU.ActiveCfg = Release|Any CPU
		{833024B7-2030-4330-B871-4326B38AAA54}.Release|Any CPU.Build.0 = Release|Any CPU
		{B42FE8DD-70F5-44C0-87E8-8F204CEDADE0}.Debug|Any CPU.ActiveCfg = Debug|Any CPU
		{B42FE8DD-70F5-44C0-87E8-8F204CEDADE0}.Debug|Any CPU.Build.0 = Debug|Any CPU
		{B42FE8DD-70F5-44C0-87E8-8F204CEDADE0}.Release|Any CPU.ActiveCfg = Release|Any CPU
		{B42FE8DD-70F5-44C0-87E8-8F204CEDADE0}.Release|Any CPU.Build.0 = Release|Any CPU
		{47738CD8-BCBB-402F-93CB-090FF96739F7}.Debug|Any CPU.ActiveCfg = Debug|Any CPU
		{47738CD8-BCBB-402F-93CB-090FF96739F7}.Debug|Any CPU.Build.0 = Debug|Any CPU
		{47738CD8-BCBB-402F-93CB-090FF96739F7}.Release|Any CPU.ActiveCfg = Release|Any CPU
		{47738CD8-BCBB-402F-93CB-090FF96739F7}.Release|Any CPU.Build.0 = Release|Any CPU
		{F93E96B7-7920-4C41-A83A-E322A23DDDEA}.Debug|Any CPU.ActiveCfg = Debug|Any CPU
		{F93E96B7-7920-4C41-A83A-E322A23DDDEA}.Debug|Any CPU.Build.0 = Debug|Any CPU
		{F93E96B7-7920-4C41-A83A-E322A23DDDEA}.Release|Any CPU.ActiveCfg = Release|Any CPU
		{F93E96B7-7920-4C41-A83A-E322A23DDDEA}.Release|Any CPU.Build.0 = Release|Any CPU
	EndGlobalSection
	GlobalSection(SolutionProperties) = preSolution
		HideSolutionNode = FALSE
	EndGlobalSection
	GlobalSection(ExtensibilityGlobals) = postSolution
		SolutionGuid = {C1D5FD25-2518-47BC-9949-CEEDD3ECCF2B}
	EndGlobalSection
EndGlobal
